
Microsoft Visual Studio Solution File, Format Version 12.00
# Visual Studio 14
VisualStudioVersion = 14.0.25420.1
MinimumVisualStudioVersion = 10.0.40219.1
Project("{FAE04EC0-301F-11D3-BF4B-00C04F79EFBC}") = "Win.ProCosmeticos", "Win.ProCosmeticos\Win.ProCosmeticos.csproj", "{ABF01466-0F1E-46ED-9F0B-840AE484969A}"
EndProject
Project("{FAE04EC0-301F-11D3-BF4B-00C04F79EFBC}") = "BL.Cosmeticos", "BL.Cosmeticos\BL.Cosmeticos.csproj", "{F99E410E-C866-42D3-A2BD-D701D7206919}"
EndProject
Global
	GlobalSection(SolutionConfigurationPlatforms) = preSolution
		Debug|Any CPU = Debug|Any CPU
		Release|Any CPU = Release|Any CPU
	EndGlobalSection
	GlobalSection(ProjectConfigurationPlatforms) = postSolution
		{ABF01466-0F1E-46ED-9F0B-840AE484969A}.Debug|Any CPU.ActiveCfg = Debug|Any CPU
		{ABF01466-0F1E-46ED-9F0B-840AE484969A}.Debug|Any CPU.Build.0 = Debug|Any CPU
		{ABF01466-0F1E-46ED-9F0B-840AE484969A}.Release|Any CPU.ActiveCfg = Release|Any CPU
		{ABF01466-0F1E-46ED-9F0B-840AE484969A}.Release|Any CPU.Build.0 = Release|Any CPU
		{F99E410E-C866-42D3-A2BD-D701D7206919}.Debug|Any CPU.ActiveCfg = Debug|Any CPU
		{F99E410E-C866-42D3-A2BD-D701D7206919}.Debug|Any CPU.Build.0 = Debug|Any CPU
		{F99E410E-C866-42D3-A2BD-D701D7206919}.Release|Any CPU.ActiveCfg = Release|Any CPU
		{F99E410E-C866-42D3-A2BD-D701D7206919}.Release|Any CPU.Build.0 = Release|Any CPU
	EndGlobalSection
	GlobalSection(SolutionProperties) = preSolution
		HideSolutionNode = FALSE
	EndGlobalSection
EndGlobal
